// !$*UTF8*$!
{
	archiveVersion = 1;
	classes = {
	};
	objectVersion = 46;
	objects = {

/* Begin PBXBuildFile section */
		8C0425871AF4B5F20025674F /* main.m in Sources */ = {isa = PBXBuildFile; fileRef = 8C0425861AF4B5F20025674F /* main.m */; };
		8C04258A1AF4B5F20025674F /* AppDelegate.m in Sources */ = {isa = PBXBuildFile; fileRef = 8C0425891AF4B5F20025674F /* AppDelegate.m */; };
		8C04258D1AF4B5F20025674F /* ViewController.m in Sources */ = {isa = PBXBuildFile; fileRef = 8C04258C1AF4B5F20025674F /* ViewController.m */; };
		8C0425901AF4B5F20025674F /* Main.storyboard in Resources */ = {isa = PBXBuildFile; fileRef = 8C04258E1AF4B5F20025674F /* Main.storyboard */; };
		8C0425921AF4B5F20025674F /* Images.xcassets in Resources */ = {isa = PBXBuildFile; fileRef = 8C0425911AF4B5F20025674F /* Images.xcassets */; };
		8C0425951AF4B5F20025674F /* LaunchScreen.xib in Resources */ = {isa = PBXBuildFile; fileRef = 8C0425931AF4B5F20025674F /* LaunchScreen.xib */; };
		8C0425A11AF4B5F20025674F /* t3Tests.m in Sources */ = {isa = PBXBuildFile; fileRef = 8C0425A01AF4B5F20025674F /* t3Tests.m */; };
/* End PBXBuildFile section */

/* Begin PBXContainerItemProxy section */
		8C04259B1AF4B5F20025674F /* PBXContainerItemProxy */ = {
			isa = PBXContainerItemProxy;
			containerPortal = 8C0425791AF4B5F20025674F /* Project object */;
			proxyType = 1;
			remoteGlobalIDString = 8C0425801AF4B5F20025674F;
			remoteInfo = t3;
		};
/* End PBXContainerItemProxy section */

/* Begin PBXFileReference section */
		8C0425811AF4B5F20025674F /* t3.app */ = {isa = PBXFileReference; explicitFileType = wrapper.application; includeInIndex = 0; path = t3.app; sourceTree = BUILT_PRODUCTS_DIR; };
		8C0425851AF4B5F20025674F /* Info.plist */ = {isa = PBXFileReference; lastKnownFileType = text.plist.xml; path = Info.plist; sourceTree = "<group>"; };
		8C0425861AF4B5F20025674F /* main.m */ = {isa = PBXFileReference; lastKnownFileType = sourcecode.c.objc; path = main.m; sourceTree = "<group>"; };
		8C0425881AF4B5F20025674F /* AppDelegate.h */ = {isa = PBXFileReference; lastKnownFileType = sourcecode.c.h; path = AppDelegate.h; sourceTree = "<group>"; };
		8C0425891AF4B5F20025674F /* AppDelegate.m */ = {isa = PBXFileReference; lastKnownFileType = sourcecode.c.objc; path = AppDelegate.m; sourceTree = "<group>"; };
		8C04258B1AF4B5F20025674F /* ViewController.h */ = {isa = PBXFileReference; lastKnownFileType = sourcecode.c.h; path = ViewController.h; sourceTree = "<group>"; };
		8C04258C1AF4B5F20025674F /* ViewController.m */ = {isa = PBXFileReference; lastKnownFileType = sourcecode.c.objc; path = ViewController.m; sourceTree = "<group>"; };
		8C04258F1AF4B5F20025674F /* Base */ = {isa = PBXFileReference; lastKnownFileType = file.storyboard; name = Base; path = Base.lproj/Main.storyboard; sourceTree = "<group>"; };
		8C0425911AF4B5F20025674F /* Images.xcassets */ = {isa = PBXFileReference; lastKnownFileType = folder.assetcatalog; path = Images.xcassets; sourceTree = "<group>"; };
		8C0425941AF4B5F20025674F /* Base */ = {isa = PBXFileReference; lastKnownFileType = file.xib; name = Base; path = Base.lproj/LaunchScreen.xib; sourceTree = "<group>"; };
		8C04259A1AF4B5F20025674F /* t3Tests.xctest */ = {isa = PBXFileReference; explicitFileType = wrapper.cfbundle; includeInIndex = 0; path = t3Tests.xctest; sourceTree = BUILT_PRODUCTS_DIR; };
		8C04259F1AF4B5F20025674F /* Info.plist */ = {isa = PBXFileReference; lastKnownFileType = text.plist.xml; path = Info.plist; sourceTree = "<group>"; };
		8C0425A01AF4B5F20025674F /* t3Tests.m */ = {isa = PBXFileReference; lastKnownFileType = sourcecode.c.objc; path = t3Tests.m; sourceTree = "<group>"; };
/* End PBXFileReference section */

/* Begin PBXFrameworksBuildPhase section */
		8C04257E1AF4B5F20025674F /* Frameworks */ = {
			isa = PBXFrameworksBuildPhase;
			buildActionMask = 2147483647;
			files = (
			);
			runOnlyForDeploymentPostprocessing = 0;
		};
		8C0425971AF4B5F20025674F /* Frameworks */ = {
			isa = PBXFrameworksBuildPhase;
			buildActionMask = 2147483647;
			files = (
			);
			runOnlyForDeploymentPostprocessing = 0;
		};
/* End PBXFrameworksBuildPhase section */

/* Begin PBXGroup section */
		8C0425781AF4B5F20025674F = {
			isa = PBXGroup;
			children = (
				8C0425831AF4B5F20025674F /* t3 */,
				8C04259D1AF4B5F20025674F /* t3Tests */,
				8C0425821AF4B5F20025674F /* Products */,
			);
			sourceTree = "<group>";
		};
		8C0425821AF4B5F20025674F /* Products */ = {
			isa = PBXGroup;
			children = (
				8C0425811AF4B5F20025674F /* t3.app */,
				8C04259A1AF4B5F20025674F /* t3Tests.xctest */,
			);
			name = Products;
			sourceTree = "<group>";
		};
		8C0425831AF4B5F20025674F /* t3 */ = {
			isa = PBXGroup;
			children = (
				8C0425881AF4B5F20025674F /* AppDelegate.h */,
				8C0425891AF4B5F20025674F /* AppDelegate.m */,
				8C04258B1AF4B5F20025674F /* ViewController.h */,
				8C04258C1AF4B5F20025674F /* ViewController.m */,
				8C04258E1AF4B5F20025674F /* Main.storyboard */,
				8C0425911AF4B5F20025674F /* Images.xcassets */,
				8C0425931AF4B5F20025674F /* LaunchScreen.xib */,
				8C0425841AF4B5F20025674F /* Supporting Files */,
			);
			path = t3;
			sourceTree = "<group>";
		};
		8C0425841AF4B5F20025674F /* Supporting Files */ = {
			isa = PBXGroup;
			children = (
				8C0425851AF4B5F20025674F /* Info.plist */,
				8C0425861AF4B5F20025674F /* main.m */,
			);
			name = "Supporting Files";
			sourceTree = "<group>";
		};
		8C04259D1AF4B5F20025674F /* t3Tests */ = {
			isa = PBXGroup;
			children = (
				8C0425A01AF4B5F20025674F /* t3Tests.m */,
				8C04259E1AF4B5F20025674F /* Supporting Files */,
			);
			path = t3Tests;
			sourceTree = "<group>";
		};
		8C04259E1AF4B5F20025674F /* Supporting Files */ = {
			isa = PBXGroup;
			children = (
				8C04259F1AF4B5F20025674F /* Info.plist */,
			);
			name = "Supporting Files";
			sourceTree = "<group>";
		};
/* End PBXGroup section */

/* Begin PBXNativeTarget section */
		8C0425801AF4B5F20025674F /* t3 */ = {
			isa = PBXNativeTarget;
			buildConfigurationList = 8C0425A41AF4B5F20025674F /* Build configuration list for PBXNativeTarget "t3" */;
			buildPhases = (
				8C04257D1AF4B5F20025674F /* Sources */,
				8C04257E1AF4B5F20025674F /* Frameworks */,
				8C04257F1AF4B5F20025674F /* Resources */,
			);
			buildRules = (
			);
			dependencies = (
			);
			name = t3;
			productName = t3;
			productReference = 8C0425811AF4B5F20025674F /* t3.app */;
			productType = "com.apple.product-type.application";
		};
		8C0425991AF4B5F20025674F /* t3Tests */ = {
			isa = PBXNativeTarget;
			buildConfigurationList = 8C0425A71AF4B5F20025674F /* Build configuration list for PBXNativeTarget "t3Tests" */;
			buildPhases = (
				8C0425961AF4B5F20025674F /* Sources */,
				8C0425971AF4B5F20025674F /* Frameworks */,
				8C0425981AF4B5F20025674F /* Resources */,
			);
			buildRules = (
			);
			dependencies = (
				8C04259C1AF4B5F20025674F /* PBXTargetDependency */,
			);
			name = t3Tests;
			productName = t3Tests;
			productReference = 8C04259A1AF4B5F20025674F /* t3Tests.xctest */;
			productType = "com.apple.product-type.bundle.unit-test";
		};
/* End PBXNativeTarget section */

/* Begin PBXProject section */
		8C0425791AF4B5F20025674F /* Project object */ = {
			isa = PBXProject;
			attributes = {
				LastUpgradeCheck = 0630;
				ORGANIZATIONNAME = ME;
				TargetAttributes = {
					8C0425801AF4B5F20025674F = {
						CreatedOnToolsVersion = 6.3.1;
					};
					8C0425991AF4B5F20025674F = {
						CreatedOnToolsVersion = 6.3.1;
						TestTargetID = 8C0425801AF4B5F20025674F;
					};
				};
			};
			buildConfigurationList = 8C04257C1AF4B5F20025674F /* Build configuration list for PBXProject "t3" */;
			compatibilityVersion = "Xcode 3.2";
			developmentRegion = English;
			hasScannedForEncodings = 0;
			knownRegions = (
				en,
				Base,
			);
			mainGroup = 8C0425781AF4B5F20025674F;
			productRefGroup = 8C0425821AF4B5F20025674F /* Products */;
			projectDirPath = "";
			projectRoot = "";
			targets = (
				8C0425801AF4B5F20025674F /* t3 */,
				8C0425991AF4B5F20025674F /* t3Tests */,
			);
		};
/* End PBXProject section */

/* Begin PBXResourcesBuildPhase section */
		8C04257F1AF4B5F20025674F /* Resources */ = {
			isa = PBXResourcesBuildPhase;
			buildActionMask = 2147483647;
			files = (
				8C0425901AF4B5F20025674F /* Main.storyboard in Resources */,
				8C0425951AF4B5F20025674F /* LaunchScreen.xib in Resources */,
				8C0425921AF4B5F20025674F /* Images.xcassets in Resources */,
			);
			runOnlyForDeploymentPostprocessing = 0;
		};
		8C0425981AF4B5F20025674F /* Resources */ = {
			isa = PBXResourcesBuildPhase;
			buildActionMask = 2147483647;
			files = (
			);
			runOnlyForDeploymentPostprocessing = 0;
		};
/* End PBXResourcesBuildPhase section */

/* Begin PBXSourcesBuildPhase section */
		8C04257D1AF4B5F20025674F /* Sources */ = {
			isa = PBXSourcesBuildPhase;
			buildActionMask = 2147483647;
			files = (
				8C04258D1AF4B5F20025674F /* ViewController.m in Sources */,
				8C04258A1AF4B5F20025674F /* AppDelegate.m in Sources */,
				8C0425871AF4B5F20025674F /* main.m in Sources */,
			);
			runOnlyForDeploymentPostprocessing = 0;
		};
		8C0425961AF4B5F20025674F /* Sources */ = {
			isa = PBXSourcesBuildPhase;
			buildActionMask = 2147483647;
			files = (
				8C0425A11AF4B5F20025674F /* t3Tests.m in Sources */,
			);
			runOnlyForDeploymentPostprocessing = 0;
		};
/* End PBXSourcesBuildPhase section */

/* Begin PBXTargetDependency section */
		8C04259C1AF4B5F20025674F /* PBXTargetDependency */ = {
			isa = PBXTargetDependency;
			target = 8C0425801AF4B5F20025674F /* t3 */;
			targetProxy = 8C04259B1AF4B5F20025674F /* PBXContainerItemProxy */;
		};
/* End PBXTargetDependency section */

/* Begin PBXVariantGroup section */
		8C04258E1AF4B5F20025674F /* Main.storyboard */ = {
			isa = PBXVariantGroup;
			children = (
				8C04258F1AF4B5F20025674F /* Base */,
			);
			name = Main.storyboard;
			sourceTree = "<group>";
		};
		8C0425931AF4B5F20025674F /* LaunchScreen.xib */ = {
			isa = PBXVariantGroup;
			children = (
				8C0425941AF4B5F20025674F /* Base */,
			);
			name = LaunchScreen.xib;
			sourceTree = "<group>";
		};
/* End PBXVariantGroup section */

/* Begin XCBuildConfiguration section */
		8C0425A21AF4B5F20025674F /* Debug */ = {
			isa = XCBuildConfiguration;
			buildSettings = {
				ALWAYS_SEARCH_USER_PATHS = NO;
				CLANG_CXX_LANGUAGE_STANDARD = "gnu++0x";
				CLANG_CXX_LIBRARY = "libc++";
				CLANG_ENABLE_MODULES = YES;
				CLANG_ENABLE_OBJC_ARC = YES;
				CLANG_WARN_BOOL_CONVERSION = YES;
				CLANG_WARN_CONSTANT_CONVERSION = YES;
				CLANG_WARN_DIRECT_OBJC_ISA_USAGE = YES_ERROR;
				CLANG_WARN_EMPTY_BODY = YES;
				CLANG_WARN_ENUM_CONVERSION = YES;
				CLANG_WARN_INT_CONVERSION = YES;
				CLANG_WARN_OBJC_ROOT_CLASS = YES_ERROR;
				CLANG_WARN_UNREACHABLE_CODE = YES;
				CLANG_WARN__DUPLICATE_METHOD_MATCH = YES;
				"CODE_SIGN_IDENTITY[sdk=iphoneos*]" = "iPhone Developer";
				COPY_PHASE_STRIP = NO;
				DEBUG_INFORMATION_FORMAT = "dwarf-with-dsym";
				ENABLE_STRICT_OBJC_MSGSEND = YES;
				GCC_C_LANGUAGE_STANDARD = gnu99;
				GCC_DYNAMIC_NO_PIC = NO;
				GCC_NO_COMMON_BLOCKS = YES;
				GCC_OPTIMIZATION_LEVEL = 0;
				GCC_PREPROCESSOR_DEFINITIONS = (
					"DEBUG=1",
					"$(inherited)",
				);
				GCC_SYMBOLS_PRIVATE_EXTERN = NO;
				GCC_WARN_64_TO_32_BIT_CONVERSION = YES;
				GCC_WARN_ABOUT_RETURN_TYPE = YES_ERROR;
				GCC_WARN_UNDECLARED_SELECTOR = YES;
				GCC_WARN_UNINITIALIZED_AUTOS = YES_AGGRESSIVE;
				GCC_WARN_UNUSED_FUNCTION = YES;
				GCC_WARN_UNUSED_VARIABLE = YES;
				IPHONEOS_DEPLOYMENT_TARGET = 8.3;
				MTL_ENABLE_DEBUG_INFO = YES;
				ONLY_ACTIVE_ARCH = YES;
				SDKROOT = iphoneos;
			};
			name = Debug;
		};
		8C0425A31AF4B5F20025674F /* Release */ = {
			isa = XCBuildConfiguration;
			buildSettings = {
				ALWAYS_SEARCH_USER_PATHS = NO;
				CLANG_CXX_LANGUAGE_STANDARD = "gnu++0x";
				CLANG_CXX_LIBRARY = "libc++";
				CLANG_ENABLE_MODULES = YES;
				CLANG_ENABLE_OBJC_ARC = YES;
				CLANG_WARN_BOOL_CONVERSION = YES;
				CLANG_WARN_CONSTANT_CONVERSION = YES;
				CLANG_WARN_DIRECT_OBJC_ISA_USAGE = YES_ERROR;
				CLANG_WARN_EMPTY_BODY = YES;
				CLANG_WARN_ENUM_CONVERSION = YES;
				CLANG_WARN_INT_CONVERSION = YES;
				CLANG_WARN_OBJC_ROOT_CLASS = YES_ERROR;
				CLANG_WARN_UNREACHABLE_CODE = YES;
				CLANG_WARN__DUPLICATE_METHOD_MATCH = YES;
				"CODE_SIGN_IDENTITY[sdk=iphoneos*]" = "iPhone Developer";
				COPY_PHASE_STRIP = NO;
				DEBUG_INFORMATION_FORMAT = "dwarf-with-dsym";
				ENABLE_NS_ASSERTIONS = NO;
				ENABLE_STRICT_OBJC_MSGSEND = YES;
				GCC_C_LANGUAGE_STANDARD = gnu99;
				GCC_NO_COMMON_BLOCKS = YES;
				GCC_WARN_64_TO_32_BIT_CONVERSION = YES;
				GCC_WARN_ABOUT_RETURN_TYPE = YES_ERROR;
				GCC_WARN_UNDECLARED_SELECTOR = YES;
				GCC_WARN_UNINITIALIZED_AUTOS = YES_AGGRESSIVE;
				GCC_WARN_UNUSED_FUNCTION = YES;
				GCC_WARN_UNUSED_VARIABLE = YES;
				IPHONEOS_DEPLOYMENT_TARGET = 8.3;
				MTL_ENABLE_DEBUG_INFO = NO;
				SDKROOT = iphoneos;
				VALIDATE_PRODUCT = YES;
			};
			name = Release;
		};
		8C0425A51AF4B5F20025674F /* Debug */ = {
			isa = XCBuildConfiguration;
			buildSettings = {
				ASSETCATALOG_COMPILER_APPICON_NAME = AppIcon;
				INFOPLIST_FILE = t3/Info.plist;
				LD_RUNPATH_SEARCH_PATHS = "$(inherited) @executable_path/Frameworks";
				PRODUCT_NAME = "$(TARGET_NAME)";
			};
			name = Debug;
		};
		8C0425A61AF4B5F20025674F /* Release */ = {
			isa = XCBuildConfiguration;
			buildSettings = {
				ASSETCATALOG_COMPILER_APPICON_NAME = AppIcon;
				INFOPLIST_FILE = t3/Info.plist;
				LD_RUNPATH_SEARCH_PATHS = "$(inherited) @executable_path/Frameworks";
				PRODUCT_NAME = "$(TARGET_NAME)";
			};
			name = Release;
		};
		8C0425A81AF4B5F20025674F /* Debug */ = {
			isa = XCBuildConfiguration;
			buildSettings = {
				BUNDLE_LOADER = "$(TEST_HOST)";
				FRAMEWORK_SEARCH_PATHS = (
					"$(SDKROOT)/Developer/Library/Frameworks",
					"$(inherited)",
				);
				GCC_PREPROCESSOR_DEFINITIONS = (
					"DEBUG=1",
					"$(inherited)",
				);
				INFOPLIST_FILE = t3Tests/Info.plist;
				LD_RUNPATH_SEARCH_PATHS = "$(inherited) @executable_path/Frameworks @loader_path/Frameworks";
				PRODUCT_NAME = "$(TARGET_NAME)";
				TEST_HOST = "$(BUILT_PRODUCTS_DIR)/t3.app/t3";
			};
			name = Debug;
		};
		8C0425A91AF4B5F20025674F /* Release */ = {
			isa = XCBuildConfiguration;
			buildSettings = {
				BUNDLE_LOADER = "$(TEST_HOST)";
				FRAMEWORK_SEARCH_PATHS = (
					"$(SDKROOT)/Developer/Library/Frameworks",
					"$(inherited)",
				);
				INFOPLIST_FILE = t3Tests/Info.plist;
				LD_RUNPATH_SEARCH_PATHS = "$(inherited) @executable_path/Frameworks @loader_path/Frameworks";
				PRODUCT_NAME = "$(TARGET_NAME)";
				TEST_HOST = "$(BUILT_PRODUCTS_DIR)/t3.app/t3";
			};
			name = Release;
		};
/* End XCBuildConfiguration section */

/* Begin XCConfigurationList section */
		8C04257C1AF4B5F20025674F /* Build configuration list for PBXProject "t3" */ = {
			isa = XCConfigurationList;
			buildConfigurations = (
				8C0425A21AF4B5F20025674F /* Debug */,
				8C0425A31AF4B5F20025674F /* Release */,
			);
			defaultConfigurationIsVisible = 0;
			defaultConfigurationName = Release;
		};
		8C0425A41AF4B5F20025674F /* Build configuration list for PBXNativeTarget "t3" */ = {
			isa = XCConfigurationList;
			buildConfigurations = (
				8C0425A51AF4B5F20025674F /* Debug */,
				8C0425A61AF4B5F20025674F /* Release */,
			);
			defaultConfigurationIsVisible = 0;
		};
		8C0425A71AF4B5F20025674F /* Build configuration list for PBXNativeTarget "t3Tests" */ = {
			isa = XCConfigurationList;
			buildConfigurations = (
				8C0425A81AF4B5F20025674F /* Debug */,
				8C0425A91AF4B5F20025674F /* Release */,
			);
			defaultConfigurationIsVisible = 0;
		};
/* End XCConfigurationList section */
	};
	rootObject = 8C0425791AF4B5F20025674F /* Project object */;
}
